
Microsoft Visual Studio Solution File, Format Version 12.00
# Visual Studio Version 17
VisualStudioVersion = 17.3.32819.101
MinimumVisualStudioVersion = 10.0.40219.1
Project("{9A19103F-16F7-4668-BE54-9A1E7A4F7556}") = "ComponenteNegocio", "ComponenteNegocio\ComponenteNegocio.csproj", "{1FBEC796-55C1-4570-B3C2-339FC1131172}"
EndProject
Project("{9A19103F-16F7-4668-BE54-9A1E7A4F7556}") = "Modelo", "Modelo\Modelo.csproj", "{E78C1670-AD92-4481-A214-9F72530B81A2}"
EndProject
Project("{9A19103F-16F7-4668-BE54-9A1E7A4F7556}") = "MVCProject", "MVCProject\MVCProject.csproj", "{C4EF577A-D94F-458C-9581-39AC55C9A44C}"
EndProject
Project("{9A19103F-16F7-4668-BE54-9A1E7A4F7556}") = "ComponenteNegocioTeste", "TestesUsuario\ComponenteNegocioTeste.csproj", "{62B27C9F-7BFD-4D8C-8074-63FBDC35B9A9}"
EndProject
Project("{9A19103F-16F7-4668-BE54-9A1E7A4F7556}") = "Repositorios", "Repositorios\Repositorios.csproj", "{4D589CCE-1132-4D05-8906-85F8B5199A6C}"
EndProject
Project("{FAE04EC0-301F-11D3-BF4B-00C04F79EFBC}") = "ConsoleProject", "ConsoleProject\ConsoleProject.csproj", "{52CB04A0-C76D-49ED-9B8D-E0FFE3AFA4C3}"
EndProject
Global
	GlobalSection(SolutionConfigurationPlatforms) = preSolution
		Debug|Any CPU = Debug|Any CPU
		Release|Any CPU = Release|Any CPU
	EndGlobalSection
	GlobalSection(ProjectConfigurationPlatforms) = postSolution
		{1FBEC796-55C1-4570-B3C2-339FC1131172}.Debug|Any CPU.ActiveCfg = Debug|Any CPU
		{1FBEC796-55C1-4570-B3C2-339FC1131172}.Debug|Any CPU.Build.0 = Debug|Any CPU
		{1FBEC796-55C1-4570-B3C2-339FC1131172}.Release|Any CPU.ActiveCfg = Release|Any CPU
		{1FBEC796-55C1-4570-B3C2-339FC1131172}.Release|Any CPU.Build.0 = Release|Any CPU
		{E78C1670-AD92-4481-A214-9F72530B81A2}.Debug|Any CPU.ActiveCfg = Debug|Any CPU
		{E78C1670-AD92-4481-A214-9F72530B81A2}.Debug|Any CPU.Build.0 = Debug|Any CPU
		{E78C1670-AD92-4481-A214-9F72530B81A2}.Release|Any CPU.ActiveCfg = Release|Any CPU
		{E78C1670-AD92-4481-A214-9F72530B81A2}.Release|Any CPU.Build.0 = Release|Any CPU
		{C4EF577A-D94F-458C-9581-39AC55C9A44C}.Debug|Any CPU.ActiveCfg = Debug|Any CPU
		{C4EF577A-D94F-458C-9581-39AC55C9A44C}.Debug|Any CPU.Build.0 = Debug|Any CPU
		{C4EF577A-D94F-458C-9581-39AC55C9A44C}.Release|Any CPU.ActiveCfg = Release|Any CPU
		{C4EF577A-D94F-458C-9581-39AC55C9A44C}.Release|Any CPU.Build.0 = Release|Any CPU
		{62B27C9F-7BFD-4D8C-8074-63FBDC35B9A9}.Debug|Any CPU.ActiveCfg = Debug|Any CPU
		{62B27C9F-7BFD-4D8C-8074-63FBDC35B9A9}.Debug|Any CPU.Build.0 = Debug|Any CPU
		{62B27C9F-7BFD-4D8C-8074-63FBDC35B9A9}.Release|Any CPU.ActiveCfg = Release|Any CPU
		{62B27C9F-7BFD-4D8C-8074-63FBDC35B9A9}.Release|Any CPU.Build.0 = Release|Any CPU
		{4D589CCE-1132-4D05-8906-85F8B5199A6C}.Debug|Any CPU.ActiveCfg = Debug|Any CPU
		{4D589CCE-1132-4D05-8906-85F8B5199A6C}.Debug|Any CPU.Build.0 = Debug|Any CPU
		{4D589CCE-1132-4D05-8906-85F8B5199A6C}.Release|Any CPU.ActiveCfg = Release|Any CPU
		{4D589CCE-1132-4D05-8906-85F8B5199A6C}.Release|Any CPU.Build.0 = Release|Any CPU
		{52CB04A0-C76D-49ED-9B8D-E0FFE3AFA4C3}.Debug|Any CPU.ActiveCfg = Debug|Any CPU
		{52CB04A0-C76D-49ED-9B8D-E0FFE3AFA4C3}.Debug|Any CPU.Build.0 = Debug|Any CPU
		{52CB04A0-C76D-49ED-9B8D-E0FFE3AFA4C3}.Release|Any CPU.ActiveCfg = Release|Any CPU
		{52CB04A0-C76D-49ED-9B8D-E0FFE3AFA4C3}.Release|Any CPU.Build.0 = Release|Any CPU
	EndGlobalSection
	GlobalSection(SolutionProperties) = preSolution
		HideSolutionNode = FALSE
	EndGlobalSection
	GlobalSection(ExtensibilityGlobals) = postSolution
		SolutionGuid = {749BF948-DA78-4D52-9EEF-0C58979AF78D}
	EndGlobalSection
EndGlobal
